
Microsoft Visual Studio Solution File, Format Version 12.00
# Visual Studio Version 17
VisualStudioVersion = 17.5.33530.505
MinimumVisualStudioVersion = 10.0.40219.1
Project("{FAE04EC0-301F-11D3-BF4B-00C04F79EFBC}") = "Pitomnik", "Pitomnik\Pitomnik.csproj", "{422943A1-D015-42C2-840B-B086A8920F77}"
EndProject
Global
	GlobalSection(SolutionConfigurationPlatforms) = preSolution
		Debug|Any CPU = Debug|Any CPU
		Release|Any CPU = Release|Any CPU
	EndGlobalSection
	GlobalSection(ProjectConfigurationPlatforms) = postSolution
		{422943A1-D015-42C2-840B-B086A8920F77}.Debug|Any CPU.ActiveCfg = Debug|Any CPU
		{422943A1-D015-42C2-840B-B086A8920F77}.Debug|Any CPU.Build.0 = Debug|Any CPU
		{422943A1-D015-42C2-840B-B086A8920F77}.Release|Any CPU.ActiveCfg = Release|Any CPU
		{422943A1-D015-42C2-840B-B086A8920F77}.Release|Any CPU.Build.0 = Release|Any CPU
	EndGlobalSection
	GlobalSection(SolutionProperties) = preSolution
		HideSolutionNode = FALSE
	EndGlobalSection
	GlobalSection(ExtensibilityGlobals) = postSolution
		SolutionGuid = {415EC6C8-51FC-44B5-B519-840EA8D7A1F8}
	EndGlobalSection
EndGlobal
